
Microsoft Visual Studio Solution File, Format Version 12.00
Project("{FAE04EC0-301F-11D3-BF4B-00C04F79EFBC}") = "Promos.Authentication", "Promos.Authentication\Promos.Authentication.csproj", "{66D0702A-118F-4351-B4EA-1DAEC10BE428}"
EndProject
Project("{FAE04EC0-301F-11D3-BF4B-00C04F79EFBC}") = "Promos.Resource", "Promos.Resource\Promos.Resource.csproj", "{CD993F1C-8597-4BAE-AE48-6B3E8C51AE9D}"
EndProject
Global
	GlobalSection(SolutionConfigurationPlatforms) = preSolution
		Debug|Any CPU = Debug|Any CPU
		Release|Any CPU = Release|Any CPU
	EndGlobalSection
	GlobalSection(ProjectConfigurationPlatforms) = postSolution
		{66D0702A-118F-4351-B4EA-1DAEC10BE428}.Debug|Any CPU.ActiveCfg = Debug|Any CPU
		{66D0702A-118F-4351-B4EA-1DAEC10BE428}.Debug|Any CPU.Build.0 = Debug|Any CPU
		{66D0702A-118F-4351-B4EA-1DAEC10BE428}.Release|Any CPU.ActiveCfg = Release|Any CPU
		{66D0702A-118F-4351-B4EA-1DAEC10BE428}.Release|Any CPU.Build.0 = Release|Any CPU
		{CD993F1C-8597-4BAE-AE48-6B3E8C51AE9D}.Debug|Any CPU.ActiveCfg = Debug|Any CPU
		{CD993F1C-8597-4BAE-AE48-6B3E8C51AE9D}.Debug|Any CPU.Build.0 = Debug|Any CPU
		{CD993F1C-8597-4BAE-AE48-6B3E8C51AE9D}.Release|Any CPU.ActiveCfg = Release|Any CPU
		{CD993F1C-8597-4BAE-AE48-6B3E8C51AE9D}.Release|Any CPU.Build.0 = Release|Any CPU
	EndGlobalSection
EndGlobal
